
Microsoft Visual Studio Solution File, Format Version 12.00
# Visual Studio 15
VisualStudioVersion = 15.0.28307.902
MinimumVisualStudioVersion = 10.0.40219.1
Project("{8BC9CEB8-8B4A-11D0-8D11-00A0C91BC942}") = "02-Max-Heap-Class-Basic", "02-Max-Heap-Class-Basic\02-Max-Heap-Class-Basic.vcxproj", "{B80F64B6-DB4A-4BFA-847A-2976F952D01B}"
EndProject
Project("{8BC9CEB8-8B4A-11D0-8D11-00A0C91BC942}") = "03-Shift-Up", "03-Shift-Up\03-Shift-Up.vcxproj", "{34AFBBA4-3182-4575-91C8-48D016FF72C6}"
EndProject
Project("{8BC9CEB8-8B4A-11D0-8D11-00A0C91BC942}") = "04-Shift-Down", "04-Shift-Down\04-Shift-Down.vcxproj", "{2C7248A4-627D-4759-AA07-5732DEFF780C}"
EndProject
Project("{8BC9CEB8-8B4A-11D0-8D11-00A0C91BC942}") = "05-Heapify", "05-Heapify\05-Heapify.vcxproj", "{72DF37B2-10E7-4351-9BC0-9964AC2DA2B9}"
EndProject
Project("{8BC9CEB8-8B4A-11D0-8D11-00A0C91BC942}") = "06-Heap-Sort", "06-Heap-Sort\06-Heap-Sort.vcxproj", "{E433BD40-BC6F-41B7-B59D-07B4D1740EEE}"
EndProject
Global
	GlobalSection(SolutionConfigurationPlatforms) = preSolution
		Debug|x64 = Debug|x64
		Debug|x86 = Debug|x86
		Release|x64 = Release|x64
		Release|x86 = Release|x86
	EndGlobalSection
	GlobalSection(ProjectConfigurationPlatforms) = postSolution
		{B80F64B6-DB4A-4BFA-847A-2976F952D01B}.Debug|x64.ActiveCfg = Debug|x64
		{B80F64B6-DB4A-4BFA-847A-2976F952D01B}.Debug|x64.Build.0 = Debug|x64
		{B80F64B6-DB4A-4BFA-847A-2976F952D01B}.Debug|x86.ActiveCfg = Debug|Win32
		{B80F64B6-DB4A-4BFA-847A-2976F952D01B}.Debug|x86.Build.0 = Debug|Win32
		{B80F64B6-DB4A-4BFA-847A-2976F952D01B}.Release|x64.ActiveCfg = Release|x64
		{B80F64B6-DB4A-4BFA-847A-2976F952D01B}.Release|x64.Build.0 = Release|x64
		{B80F64B6-DB4A-4BFA-847A-2976F952D01B}.Release|x86.ActiveCfg = Release|Win32
		{B80F64B6-DB4A-4BFA-847A-2976F952D01B}.Release|x86.Build.0 = Release|Win32
		{34AFBBA4-3182-4575-91C8-48D016FF72C6}.Debug|x64.ActiveCfg = Debug|x64
		{34AFBBA4-3182-4575-91C8-48D016FF72C6}.Debug|x64.Build.0 = Debug|x64
		{34AFBBA4-3182-4575-91C8-48D016FF72C6}.Debug|x86.ActiveCfg = Debug|Win32
		{34AFBBA4-3182-4575-91C8-48D016FF72C6}.Debug|x86.Build.0 = Debug|Win32
		{34AFBBA4-3182-4575-91C8-48D016FF72C6}.Release|x64.ActiveCfg = Release|x64
		{34AFBBA4-3182-4575-91C8-48D016FF72C6}.Release|x64.Build.0 = Release|x64
		{34AFBBA4-3182-4575-91C8-48D016FF72C6}.Release|x86.ActiveCfg = Release|Win32
		{34AFBBA4-3182-4575-91C8-48D016FF72C6}.Release|x86.Build.0 = Release|Win32
		{2C7248A4-627D-4759-AA07-5732DEFF780C}.Debug|x64.ActiveCfg = Debug|x64
		{2C7248A4-627D-4759-AA07-5732DEFF780C}.Debug|x64.Build.0 = Debug|x64
		{2C7248A4-627D-4759-AA07-5732DEFF780C}.Debug|x86.ActiveCfg = Debug|Win32
		{2C7248A4-627D-4759-AA07-5732DEFF780C}.Debug|x86.Build.0 = Debug|Win32
		{2C7248A4-627D-4759-AA07-5732DEFF780C}.Release|x64.ActiveCfg = Release|x64
		{2C7248A4-627D-4759-AA07-5732DEFF780C}.Release|x64.Build.0 = Release|x64
		{2C7248A4-627D-4759-AA07-5732DEFF780C}.Release|x86.ActiveCfg = Release|Win32
		{2C7248A4-627D-4759-AA07-5732DEFF780C}.Release|x86.Build.0 = Release|Win32
		{72DF37B2-10E7-4351-9BC0-9964AC2DA2B9}.Debug|x64.ActiveCfg = Debug|x64
		{72DF37B2-10E7-4351-9BC0-9964AC2DA2B9}.Debug|x64.Build.0 = Debug|x64
		{72DF37B2-10E7-4351-9BC0-9964AC2DA2B9}.Debug|x86.ActiveCfg = Debug|Win32
		{72DF37B2-10E7-4351-9BC0-9964AC2DA2B9}.Debug|x86.Build.0 = Debug|Win32
		{72DF37B2-10E7-4351-9BC0-9964AC2DA2B9}.Release|x64.ActiveCfg = Release|x64
		{72DF37B2-10E7-4351-9BC0-9964AC2DA2B9}.Release|x64.Build.0 = Release|x64
		{72DF37B2-10E7-4351-9BC0-9964AC2DA2B9}.Release|x86.ActiveCfg = Release|Win32
		{72DF37B2-10E7-4351-9BC0-9964AC2DA2B9}.Release|x86.Build.0 = Release|Win32
		{E433BD40-BC6F-41B7-B59D-07B4D1740EEE}.Debug|x64.ActiveCfg = Debug|x64
		{E433BD40-BC6F-41B7-B59D-07B4D1740EEE}.Debug|x64.Build.0 = Debug|x64
		{E433BD40-BC6F-41B7-B59D-07B4D1740EEE}.Debug|x86.ActiveCfg = Debug|Win32
		{E433BD40-BC6F-41B7-B59D-07B4D1740EEE}.Debug|x86.Build.0 = Debug|Win32
		{E433BD40-BC6F-41B7-B59D-07B4D1740EEE}.Release|x64.ActiveCfg = Release|x64
		{E433BD40-BC6F-41B7-B59D-07B4D1740EEE}.Release|x64.Build.0 = Release|x64
		{E433BD40-BC6F-41B7-B59D-07B4D1740EEE}.Release|x86.ActiveCfg = Release|Win32
		{E433BD40-BC6F-41B7-B59D-07B4D1740EEE}.Release|x86.Build.0 = Release|Win32
	EndGlobalSection
	GlobalSection(SolutionProperties) = preSolution
		HideSolutionNode = FALSE
	EndGlobalSection
	GlobalSection(ExtensibilityGlobals) = postSolution
		SolutionGuid = {48759DAC-DD86-4E5B-8A0F-5ACB9D6BCF4F}
	EndGlobalSection
EndGlobal
