
Microsoft Visual Studio Solution File, Format Version 12.00
# Visual Studio 15
VisualStudioVersion = 15.0.28307.902
MinimumVisualStudioVersion = 10.0.40219.1
Project("{8BC9CEB8-8B4A-11D0-8D11-00A0C91BC942}") = "01-Binary-Search", "01-Binary-Search\01-Binary-Search.vcxproj", "{228EF265-B948-4460-BBCB-9AF7F0ECE4CC}"
EndProject
Project("{8BC9CEB8-8B4A-11D0-8D11-00A0C91BC942}") = "02-Binary-Search-Tree-Basics", "02-Binary-Search-Tree-Basics\02-Binary-Search-Tree-Basics.vcxproj", "{77E0062C-CA79-43C3-ACB2-A276D23490A7}"
EndProject
Project("{8BC9CEB8-8B4A-11D0-8D11-00A0C91BC942}") = "03-Binary-Search-Tree-Insert", "03-Binary-Search-Tree-Insert\03-Binary-Search-Tree-Insert.vcxproj", "{3646CD93-9FC3-44CE-A4BA-009CAD4CDA6C}"
EndProject
Project("{8BC9CEB8-8B4A-11D0-8D11-00A0C91BC942}") = "04-Binary-Search-Tree-Search", "04-Binary-Search-Tree-Search\04-Binary-Search-Tree-Search.vcxproj", "{6312E23D-AEF6-4953-A6A3-4C86184ABA73}"
EndProject
Project("{8BC9CEB8-8B4A-11D0-8D11-00A0C91BC942}") = "05-Binary-Search-Tree-Traverse", "05-Binary-Search-Tree-Traverse\05-Binary-Search-Tree-Traverse.vcxproj", "{14DFE30D-F38A-4559-93E1-00616535FCDE}"
EndProject
Global
	GlobalSection(SolutionConfigurationPlatforms) = preSolution
		Debug|x64 = Debug|x64
		Debug|x86 = Debug|x86
		Release|x64 = Release|x64
		Release|x86 = Release|x86
	EndGlobalSection
	GlobalSection(ProjectConfigurationPlatforms) = postSolution
		{228EF265-B948-4460-BBCB-9AF7F0ECE4CC}.Debug|x64.ActiveCfg = Debug|x64
		{228EF265-B948-4460-BBCB-9AF7F0ECE4CC}.Debug|x64.Build.0 = Debug|x64
		{228EF265-B948-4460-BBCB-9AF7F0ECE4CC}.Debug|x86.ActiveCfg = Debug|Win32
		{228EF265-B948-4460-BBCB-9AF7F0ECE4CC}.Debug|x86.Build.0 = Debug|Win32
		{228EF265-B948-4460-BBCB-9AF7F0ECE4CC}.Release|x64.ActiveCfg = Release|x64
		{228EF265-B948-4460-BBCB-9AF7F0ECE4CC}.Release|x64.Build.0 = Release|x64
		{228EF265-B948-4460-BBCB-9AF7F0ECE4CC}.Release|x86.ActiveCfg = Release|Win32
		{228EF265-B948-4460-BBCB-9AF7F0ECE4CC}.Release|x86.Build.0 = Release|Win32
		{77E0062C-CA79-43C3-ACB2-A276D23490A7}.Debug|x64.ActiveCfg = Debug|x64
		{77E0062C-CA79-43C3-ACB2-A276D23490A7}.Debug|x64.Build.0 = Debug|x64
		{77E0062C-CA79-43C3-ACB2-A276D23490A7}.Debug|x86.ActiveCfg = Debug|Win32
		{77E0062C-CA79-43C3-ACB2-A276D23490A7}.Debug|x86.Build.0 = Debug|Win32
		{77E0062C-CA79-43C3-ACB2-A276D23490A7}.Release|x64.ActiveCfg = Release|x64
		{77E0062C-CA79-43C3-ACB2-A276D23490A7}.Release|x64.Build.0 = Release|x64
		{77E0062C-CA79-43C3-ACB2-A276D23490A7}.Release|x86.ActiveCfg = Release|Win32
		{77E0062C-CA79-43C3-ACB2-A276D23490A7}.Release|x86.Build.0 = Release|Win32
		{3646CD93-9FC3-44CE-A4BA-009CAD4CDA6C}.Debug|x64.ActiveCfg = Debug|x64
		{3646CD93-9FC3-44CE-A4BA-009CAD4CDA6C}.Debug|x64.Build.0 = Debug|x64
		{3646CD93-9FC3-44CE-A4BA-009CAD4CDA6C}.Debug|x86.ActiveCfg = Debug|Win32
		{3646CD93-9FC3-44CE-A4BA-009CAD4CDA6C}.Debug|x86.Build.0 = Debug|Win32
		{3646CD93-9FC3-44CE-A4BA-009CAD4CDA6C}.Release|x64.ActiveCfg = Release|x64
		{3646CD93-9FC3-44CE-A4BA-009CAD4CDA6C}.Release|x64.Build.0 = Release|x64
		{3646CD93-9FC3-44CE-A4BA-009CAD4CDA6C}.Release|x86.ActiveCfg = Release|Win32
		{3646CD93-9FC3-44CE-A4BA-009CAD4CDA6C}.Release|x86.Build.0 = Release|Win32
		{6312E23D-AEF6-4953-A6A3-4C86184ABA73}.Debug|x64.ActiveCfg = Debug|x64
		{6312E23D-AEF6-4953-A6A3-4C86184ABA73}.Debug|x64.Build.0 = Debug|x64
		{6312E23D-AEF6-4953-A6A3-4C86184ABA73}.Debug|x86.ActiveCfg = Debug|Win32
		{6312E23D-AEF6-4953-A6A3-4C86184ABA73}.Debug|x86.Build.0 = Debug|Win32
		{6312E23D-AEF6-4953-A6A3-4C86184ABA73}.Release|x64.ActiveCfg = Release|x64
		{6312E23D-AEF6-4953-A6A3-4C86184ABA73}.Release|x64.Build.0 = Release|x64
		{6312E23D-AEF6-4953-A6A3-4C86184ABA73}.Release|x86.ActiveCfg = Release|Win32
		{6312E23D-AEF6-4953-A6A3-4C86184ABA73}.Release|x86.Build.0 = Release|Win32
		{14DFE30D-F38A-4559-93E1-00616535FCDE}.Debug|x64.ActiveCfg = Debug|x64
		{14DFE30D-F38A-4559-93E1-00616535FCDE}.Debug|x64.Build.0 = Debug|x64
		{14DFE30D-F38A-4559-93E1-00616535FCDE}.Debug|x86.ActiveCfg = Debug|Win32
		{14DFE30D-F38A-4559-93E1-00616535FCDE}.Debug|x86.Build.0 = Debug|Win32
		{14DFE30D-F38A-4559-93E1-00616535FCDE}.Release|x64.ActiveCfg = Release|x64
		{14DFE30D-F38A-4559-93E1-00616535FCDE}.Release|x64.Build.0 = Release|x64
		{14DFE30D-F38A-4559-93E1-00616535FCDE}.Release|x86.ActiveCfg = Release|Win32
		{14DFE30D-F38A-4559-93E1-00616535FCDE}.Release|x86.Build.0 = Release|Win32
	EndGlobalSection
	GlobalSection(SolutionProperties) = preSolution
		HideSolutionNode = FALSE
	EndGlobalSection
	GlobalSection(ExtensibilityGlobals) = postSolution
		SolutionGuid = {7B1F79FF-30E8-4B8F-AF08-CE8A1D4D3D97}
	EndGlobalSection
EndGlobal
