
Microsoft Visual Studio Solution File, Format Version 12.00
# Visual Studio 15
VisualStudioVersion = 15.0.28307.902
MinimumVisualStudioVersion = 10.0.40219.1
Project("{8BC9CEB8-8B4A-11D0-8D11-00A0C91BC942}") = "02-Merge-Sort", "02-Merge-Sort\02-Merge-Sort.vcxproj", "{8E2F6FAF-AB77-415F-9666-D24EC69A57EE}"
EndProject
Project("{8BC9CEB8-8B4A-11D0-8D11-00A0C91BC942}") = "03-Merge-Sort-Advance", "03-Merge-Sort-Advance\03-Merge-Sort-Advance.vcxproj", "{1F9C2A6A-9EB1-476E-903E-E63F36760955}"
EndProject
Project("{8BC9CEB8-8B4A-11D0-8D11-00A0C91BC942}") = "04-Merge-Sort-Bottom-Up", "04-Merge-Sort-Bottom-Up\04-Merge-Sort-Bottom-Up.vcxproj", "{9C5CB4E5-74AF-4E4C-957F-E8EE9C2F17DC}"
EndProject
Project("{8BC9CEB8-8B4A-11D0-8D11-00A0C91BC942}") = "05-Quick-Sort", "05-Quick-Sort\05-Quick-Sort.vcxproj", "{1D8DC2AE-675C-4E68-8AFD-B00D4F82FAAF}"
EndProject
Project("{8BC9CEB8-8B4A-11D0-8D11-00A0C91BC942}") = "06-Quick-Sort-Deal-With-Nearly-Ordered-Array", "06-Quick-Sort-Deal-With-Nearly-Ordered-Array\06-Quick-Sort-Deal-With-Nearly-Ordered-Array.vcxproj", "{0C086086-AEA5-4633-BD8C-CA5CA3AF3B42}"
EndProject
Project("{8BC9CEB8-8B4A-11D0-8D11-00A0C91BC942}") = "07-Quick-Sort-Deal-With-Identical-Keys", "07-Quick-Sort-Deal-With-Identical-Keys\07-Quick-Sort-Deal-With-Identical-Keys.vcxproj", "{25F7E136-CD73-4C16-B5FB-B2BE0D2E137D}"
EndProject
Global
	GlobalSection(SolutionConfigurationPlatforms) = preSolution
		Debug|x64 = Debug|x64
		Debug|x86 = Debug|x86
		Release|x64 = Release|x64
		Release|x86 = Release|x86
	EndGlobalSection
	GlobalSection(ProjectConfigurationPlatforms) = postSolution
		{8E2F6FAF-AB77-415F-9666-D24EC69A57EE}.Debug|x64.ActiveCfg = Debug|x64
		{8E2F6FAF-AB77-415F-9666-D24EC69A57EE}.Debug|x64.Build.0 = Debug|x64
		{8E2F6FAF-AB77-415F-9666-D24EC69A57EE}.Debug|x86.ActiveCfg = Debug|Win32
		{8E2F6FAF-AB77-415F-9666-D24EC69A57EE}.Debug|x86.Build.0 = Debug|Win32
		{8E2F6FAF-AB77-415F-9666-D24EC69A57EE}.Release|x64.ActiveCfg = Release|x64
		{8E2F6FAF-AB77-415F-9666-D24EC69A57EE}.Release|x64.Build.0 = Release|x64
		{8E2F6FAF-AB77-415F-9666-D24EC69A57EE}.Release|x86.ActiveCfg = Release|Win32
		{8E2F6FAF-AB77-415F-9666-D24EC69A57EE}.Release|x86.Build.0 = Release|Win32
		{1F9C2A6A-9EB1-476E-903E-E63F36760955}.Debug|x64.ActiveCfg = Debug|x64
		{1F9C2A6A-9EB1-476E-903E-E63F36760955}.Debug|x64.Build.0 = Debug|x64
		{1F9C2A6A-9EB1-476E-903E-E63F36760955}.Debug|x86.ActiveCfg = Debug|Win32
		{1F9C2A6A-9EB1-476E-903E-E63F36760955}.Debug|x86.Build.0 = Debug|Win32
		{1F9C2A6A-9EB1-476E-903E-E63F36760955}.Release|x64.ActiveCfg = Release|x64
		{1F9C2A6A-9EB1-476E-903E-E63F36760955}.Release|x64.Build.0 = Release|x64
		{1F9C2A6A-9EB1-476E-903E-E63F36760955}.Release|x86.ActiveCfg = Release|Win32
		{1F9C2A6A-9EB1-476E-903E-E63F36760955}.Release|x86.Build.0 = Release|Win32
		{9C5CB4E5-74AF-4E4C-957F-E8EE9C2F17DC}.Debug|x64.ActiveCfg = Debug|x64
		{9C5CB4E5-74AF-4E4C-957F-E8EE9C2F17DC}.Debug|x64.Build.0 = Debug|x64
		{9C5CB4E5-74AF-4E4C-957F-E8EE9C2F17DC}.Debug|x86.ActiveCfg = Debug|Win32
		{9C5CB4E5-74AF-4E4C-957F-E8EE9C2F17DC}.Debug|x86.Build.0 = Debug|Win32
		{9C5CB4E5-74AF-4E4C-957F-E8EE9C2F17DC}.Release|x64.ActiveCfg = Release|x64
		{9C5CB4E5-74AF-4E4C-957F-E8EE9C2F17DC}.Release|x64.Build.0 = Release|x64
		{9C5CB4E5-74AF-4E4C-957F-E8EE9C2F17DC}.Release|x86.ActiveCfg = Release|Win32
		{9C5CB4E5-74AF-4E4C-957F-E8EE9C2F17DC}.Release|x86.Build.0 = Release|Win32
		{1D8DC2AE-675C-4E68-8AFD-B00D4F82FAAF}.Debug|x64.ActiveCfg = Debug|x64
		{1D8DC2AE-675C-4E68-8AFD-B00D4F82FAAF}.Debug|x64.Build.0 = Debug|x64
		{1D8DC2AE-675C-4E68-8AFD-B00D4F82FAAF}.Debug|x86.ActiveCfg = Debug|Win32
		{1D8DC2AE-675C-4E68-8AFD-B00D4F82FAAF}.Debug|x86.Build.0 = Debug|Win32
		{1D8DC2AE-675C-4E68-8AFD-B00D4F82FAAF}.Release|x64.ActiveCfg = Release|x64
		{1D8DC2AE-675C-4E68-8AFD-B00D4F82FAAF}.Release|x64.Build.0 = Release|x64
		{1D8DC2AE-675C-4E68-8AFD-B00D4F82FAAF}.Release|x86.ActiveCfg = Release|Win32
		{1D8DC2AE-675C-4E68-8AFD-B00D4F82FAAF}.Release|x86.Build.0 = Release|Win32
		{0C086086-AEA5-4633-BD8C-CA5CA3AF3B42}.Debug|x64.ActiveCfg = Debug|x64
		{0C086086-AEA5-4633-BD8C-CA5CA3AF3B42}.Debug|x64.Build.0 = Debug|x64
		{0C086086-AEA5-4633-BD8C-CA5CA3AF3B42}.Debug|x86.ActiveCfg = Debug|Win32
		{0C086086-AEA5-4633-BD8C-CA5CA3AF3B42}.Debug|x86.Build.0 = Debug|Win32
		{0C086086-AEA5-4633-BD8C-CA5CA3AF3B42}.Release|x64.ActiveCfg = Release|x64
		{0C086086-AEA5-4633-BD8C-CA5CA3AF3B42}.Release|x64.Build.0 = Release|x64
		{0C086086-AEA5-4633-BD8C-CA5CA3AF3B42}.Release|x86.ActiveCfg = Release|Win32
		{0C086086-AEA5-4633-BD8C-CA5CA3AF3B42}.Release|x86.Build.0 = Release|Win32
		{25F7E136-CD73-4C16-B5FB-B2BE0D2E137D}.Debug|x64.ActiveCfg = Debug|x64
		{25F7E136-CD73-4C16-B5FB-B2BE0D2E137D}.Debug|x64.Build.0 = Debug|x64
		{25F7E136-CD73-4C16-B5FB-B2BE0D2E137D}.Debug|x86.ActiveCfg = Debug|Win32
		{25F7E136-CD73-4C16-B5FB-B2BE0D2E137D}.Debug|x86.Build.0 = Debug|Win32
		{25F7E136-CD73-4C16-B5FB-B2BE0D2E137D}.Release|x64.ActiveCfg = Release|x64
		{25F7E136-CD73-4C16-B5FB-B2BE0D2E137D}.Release|x64.Build.0 = Release|x64
		{25F7E136-CD73-4C16-B5FB-B2BE0D2E137D}.Release|x86.ActiveCfg = Release|Win32
		{25F7E136-CD73-4C16-B5FB-B2BE0D2E137D}.Release|x86.Build.0 = Release|Win32
	EndGlobalSection
	GlobalSection(SolutionProperties) = preSolution
		HideSolutionNode = FALSE
	EndGlobalSection
	GlobalSection(ExtensibilityGlobals) = postSolution
		SolutionGuid = {74AB3B17-A847-4CAC-87DC-5B4AFEF7E616}
	EndGlobalSection
EndGlobal
